{
  "name": "chatrooms",
  "version": "0.0.1",
  "lockfileVersion": 1,
  "requires": true,
  "dependencies": {
    "active-x-obfuscator": {
      "version": "0.0.1",
      "resolved": "http://120.92.109.72:4873/active-x-obfuscator/-/active-x-obfuscator-0.0.1.tgz",
      "integrity": "sha512-8gdEZinfLSCfAUulETDth4ZSIDPSchiPgm5PLrXQC6BANf1YFEDrPPM2MdK2zcekMROwtM667QFuYw/H6ZV06Q==",
      "requires": {
        "zeparser": "0.0.5"
      }
    },
    "base64id": {
      "version": "0.1.0",
      "resolved": "http://120.92.109.72:4873/base64id/-/base64id-0.1.0.tgz",
      "integrity": "sha1-As4P3u4M709ACA4ec+g08LG/zj8="
    },
    "commander": {
      "version": "2.1.0",
      "resolved": "http://120.92.109.72:4873/commander/-/commander-2.1.0.tgz",
      "integrity": "sha1-0SG7roYNmZKj1Re6lvVliOR8Z4E="
    },
    "jquery": {
      "version": "3.6.1",
      "resolved": "http://120.92.109.72:4873/jquery/-/jquery-3.6.1.tgz",
      "integrity": "sha512-opJeO4nCucVnsjiXOE+/PcCgYw9Gwpvs/a6B1LL/lQhwWwpbVEVYDZ1FokFr8PRc7ghYlrFPuyHuiiDNTQxmcw=="
    },
    "mime": {
      "version": "1.2.11",
      "resolved": "http://120.92.109.72:4873/mime/-/mime-1.2.11.tgz",
      "integrity": "sha1-WCA+7Ybjpe8XrtK32evUfwpg3RA="
    },
    "nan": {
      "version": "1.0.0",
      "resolved": "http://120.92.109.72:4873/nan/-/nan-1.0.0.tgz",
      "integrity": "sha1-riT4hQgY1mL8q1rPfzuVv6oszzg="
    },
    "options": {
      "version": "0.0.6",
      "resolved": "http://120.92.109.72:4873/options/-/options-0.0.6.tgz",
      "integrity": "sha512-bOj3L1ypm++N+n7CEbbe473A414AB7z+amKYshRb//iuL3MpdDCLhPnw6aVTdKB9g5ZRVHIEp8eUln6L2NUStg=="
    },
    "policyfile": {
      "version": "0.0.4",
      "resolved": "http://120.92.109.72:4873/policyfile/-/policyfile-0.0.4.tgz",
      "integrity": "sha512-UfDtlscNialXfmVEwEPm0t/5qtM0xPK025eYWd/ilv89hxLIhVQmt3QIzMHincLO2MBtZyww0386pt13J4aIhQ=="
    },
    "redis": {
      "version": "0.7.3",
      "resolved": "http://120.92.109.72:4873/redis/-/redis-0.7.3.tgz",
      "integrity": "sha512-0Pgb0jOLfn6eREtEIRn/ifyZJjl2H+wUY4F/Pe7T4UhmoSrZ/1HU5ZqiBpDk8I8Wbyv2N5DpXKzbEtMj3drprg==",
      "optional": true
    },
    "socket.io": {
      "version": "0.9.19",
      "resolved": "http://120.92.109.72:4873/socket.io/-/socket.io-0.9.19.tgz",
      "integrity": "sha1-SQu1/Q3FTPAC7gTmf638Q7hIo48=",
      "requires": {
        "base64id": "0.1.0",
        "policyfile": "0.0.4",
        "redis": "0.7.3",
        "socket.io-client": "0.9.16"
      }
    },
    "socket.io-client": {
      "version": "0.9.16",
      "resolved": "http://120.92.109.72:4873/socket.io-client/-/socket.io-client-0.9.16.tgz",
      "integrity": "sha1-TadRXF53MEHRtCOXBBW8xDDzX8Y=",
      "requires": {
        "active-x-obfuscator": "0.0.1",
        "uglify-js": "1.2.5",
        "ws": "0.4.x",
        "xmlhttprequest": "1.4.2"
      }
    },
    "tinycolor": {
      "version": "0.0.1",
      "resolved": "http://120.92.109.72:4873/tinycolor/-/tinycolor-0.0.1.tgz",
      "integrity": "sha512-+CorETse1kl98xg0WAzii8DTT4ABF4R3nquhrkIbVGcw1T8JYs5Gfx9xEfGINPUZGDj9C4BmOtuKeaTtuuRolg=="
    },
    "uglify-js": {
      "version": "1.2.5",
      "resolved": "http://120.92.109.72:4873/uglify-js/-/uglify-js-1.2.5.tgz",
      "integrity": "sha1-tULCx29477NLIAsgF3Y0Mw/3ArY="
    },
    "ws": {
      "version": "0.4.32",
      "resolved": "http://120.92.109.72:4873/ws/-/ws-0.4.32.tgz",
      "integrity": "sha1-eHphVEFPPJntg8V3IVOyD+sM7DI=",
      "requires": {
        "commander": "~2.1.0",
        "nan": "~1.0.0",
        "options": ">=0.0.5",
        "tinycolor": "0.x"
      }
    },
    "xmlhttprequest": {
      "version": "1.4.2",
      "resolved": "http://120.92.109.72:4873/xmlhttprequest/-/xmlhttprequest-1.4.2.tgz",
      "integrity": "sha512-WTsthd44hTdCRrHkdtTgbgTKIJyNDV+xiShdooFZBUstY7xk+EXMx/u5gjuUXaCiCWvtBVCHwauzml2joevB4w=="
    },
    "zeparser": {
      "version": "0.0.5",
      "resolved": "http://120.92.109.72:4873/zeparser/-/zeparser-0.0.5.tgz",
      "integrity": "sha512-Qj4lJIRPy7hIW1zCBqwA3AW8F9uHswVoXPnotuY6uyNgbg5qGb6SJfWZi+YzD3DktbUnUoGiGZFhopbn9l1GYw=="
    }
  }
}
